Microsoft Visual Studio Solution File, Format Version 12.00
# Visual Studio Version 17
VisualStudioVersion = 17.5.2.0
MinimumVisualStudioVersion = 10.0.40219.1
Project("{FAE04EC0-301F-11D3-BF4B-00C04F79EFBC}") = "aspnetcore", "aspnetcore\aspnetcore.csproj", "{B61F7C47-A7AC-B272-5129-16428C9D9473}"
EndProject
Global
	GlobalSection(SolutionConfigurationPlatforms) = preSolution
		Debug|Any CPU = Debug|Any CPU
		Release|Any CPU = Release|Any CPU
	EndGlobalSection
	GlobalSection(ProjectConfigurationPlatforms) = postSolution
		{B61F7C47-A7AC-B272-5129-16428C9D9473}.Debug|Any CPU.ActiveCfg = Debug|Any CPU
		{B61F7C47-A7AC-B272-5129-16428C9D9473}.Debug|Any CPU.Build.0 = Debug|Any CPU
		{B61F7C47-A7AC-B272-5129-16428C9D9473}.Release|Any CPU.ActiveCfg = Release|Any CPU
		{B61F7C47-A7AC-B272-5129-16428C9D9473}.Release|Any CPU.Build.0 = Release|Any CPU
	EndGlobalSection
	GlobalSection(SolutionProperties) = preSolution
		HideSolutionNode = FALSE
	EndGlobalSection
	GlobalSection(ExtensibilityGlobals) = postSolution
		SolutionGuid = {A6B16C0B-B945-4EC9-B5EC-44088B97A6DB}
	EndGlobalSection
EndGlobal
